
Microsoft Visual Studio Solution File, Format Version 10.00
# Visual Studio 2008
Project("{8BC9CEB8-8B4A-11D0-8D11-00A0C91BC942}") = "MatrixInterface", "MatrixInterface.vcproj", "{2575352C-7277-4BF1-8FB4-CF2680843BBF}"
EndProject
Project("{8BC9CEB8-8B4A-11D0-8D11-00A0C91BC942}") = "CMatrixTester", "..\CMatrixTester\CMatrixTester.vcproj", "{0F074B23-10EF-49C7-A80D-E8C0D2878C53}"
EndProject
Global
	GlobalSection(SolutionConfigurationPlatforms) = preSolution
		Debug|Win32 = Debug|Win32
		Release|Win32 = Release|Win32
	EndGlobalSection
	GlobalSection(ProjectConfigurationPlatforms) = postSolution
		{2575352C-7277-4BF1-8FB4-CF2680843BBF}.Debug|Win32.ActiveCfg = Debug|Win32
		{2575352C-7277-4BF1-8FB4-CF2680843BBF}.Debug|Win32.Build.0 = Debug|Win32
		{2575352C-7277-4BF1-8FB4-CF2680843BBF}.Release|Win32.ActiveCfg = Release|Win32
		{2575352C-7277-4BF1-8FB4-CF2680843BBF}.Release|Win32.Build.0 = Release|Win32
		{0F074B23-10EF-49C7-A80D-E8C0D2878C53}.Debug|Win32.ActiveCfg = Debug|Win32
		{0F074B23-10EF-49C7-A80D-E8C0D2878C53}.Debug|Win32.Build.0 = Debug|Win32
		{0F074B23-10EF-49C7-A80D-E8C0D2878C53}.Release|Win32.ActiveCfg = Release|Win32
		{0F074B23-10EF-49C7-A80D-E8C0D2878C53}.Release|Win32.Build.0 = Release|Win32
	EndGlobalSection
	GlobalSection(SolutionProperties) = preSolution
		HideSolutionNode = FALSE
	EndGlobalSection
EndGlobal
